{
  "nodes": {
    "flake-compat": {
      "flake": false,
      "locked": {
        "lastModified": 1641205782,
        "narHash": "sha256-4jY7RCWUoZ9cKD8co0/4tFARpWB+57+r1bLLvXNJliY=",
        "owner": "edolstra",
        "repo": "flake-compat",
        "rev": "b7547d3eed6f32d06102ead8991ec52ab0a4f1a7",
        "type": "github"
      },
      "original": {
        "owner": "edolstra",
        "repo": "flake-compat",
        "type": "github"
      }
    },
    "flake-compat-ci": {
      "locked": {
        "lastModified": 1641672839,
        "narHash": "sha256-Bdwv+DKeEMlRNPDpZxSz0sSrqQBvdKO5fZ8LmvrgCOU=",
        "owner": "hercules-ci",
        "repo": "flake-compat-ci",
        "rev": "e832114bc18376c0f3fa13c19bf5ff253cc6570a",
        "type": "github"
      },
      "original": {
        "owner": "hercules-ci",
        "repo": "flake-compat-ci",
        "type": "github"
      }
    },
    "flake-compat-ci_2": {
      "locked": {
        "lastModified": 1641672839,
        "narHash": "sha256-Bdwv+DKeEMlRNPDpZxSz0sSrqQBvdKO5fZ8LmvrgCOU=",
        "owner": "hercules-ci",
        "repo": "flake-compat-ci",
        "rev": "e832114bc18376c0f3fa13c19bf5ff253cc6570a",
        "type": "github"
      },
      "original": {
        "owner": "hercules-ci",
        "repo": "flake-compat-ci",
        "type": "github"
      }
    },
    "flake-compat_2": {
      "flake": false,
      "locked": {
        "lastModified": 1606424373,
        "narHash": "sha256-oq8d4//CJOrVj+EcOaSXvMebvuTkmBJuT5tzlfewUnQ=",
        "owner": "edolstra",
        "repo": "flake-compat",
        "rev": "99f1c2157fba4bfe6211a321fd0ee43199025dbf",
        "type": "github"
      },
      "original": {
        "owner": "edolstra",
        "repo": "flake-compat",
        "type": "github"
      }
    },
    "flake-compat_3": {
      "flake": false,
      "locked": {
        "lastModified": 1641205782,
        "narHash": "sha256-4jY7RCWUoZ9cKD8co0/4tFARpWB+57+r1bLLvXNJliY=",
        "owner": "edolstra",
        "repo": "flake-compat",
        "rev": "b7547d3eed6f32d06102ead8991ec52ab0a4f1a7",
        "type": "github"
      },
      "original": {
        "owner": "edolstra",
        "repo": "flake-compat",
        "type": "github"
      }
    },
    "hercules-ci": {
      "inputs": {
        "flake-compat": "flake-compat_2",
        "nix-darwin": "nix-darwin",
        "nixos-20_09": "nixos-20_09",
        "nixos-unstable": "nixos-unstable",
        "pre-commit-hooks-nix": "pre-commit-hooks-nix"
      },
      "locked": {
        "lastModified": 1643371177,
        "narHash": "sha256-0UUfIjk2BaV/GPWhCkwHaH5f05h5mUQ9qFESea3EiHA=",
        "owner": "hercules-ci",
        "repo": "hercules-ci-agent",
        "rev": "dc8f1a5d298e4abffe7012ae02f407a44643b4eb",
        "type": "github"
      },
      "original": {
        "owner": "hercules-ci",
        "repo": "hercules-ci-agent",
        "type": "github"
      }
    },
    "nix-darwin": {
      "inputs": {
        "nixpkgs": "nixpkgs"
      },
      "locked": {
        "lastModified": 1634994402,
        "narHash": "sha256-xmlCVVOYGpZoxgOqsDOVF0B0ASrnbNGVAEzID9qh2xo=",
        "owner": "LnL7",
        "repo": "nix-darwin",
        "rev": "44da835ac40dab5fd231298b59d83487382d2fab",
        "type": "github"
      },
      "original": {
        "owner": "LnL7",
        "repo": "nix-darwin",
        "type": "github"
      }
    },
    "nixos-20_09": {
      "locked": {
        "lastModified": 1623585158,
        "narHash": "sha256-AjK7M1/six8IBPOI28nm7yC2k8mZIR2F9QrOwFYHAS0=",
        "owner": "NixOS",
        "repo": "nixpkgs",
        "rev": "115dbbe82eb4ec8aabf959068286468a68e0b244",
        "type": "github"
      },
      "original": {
        "owner": "NixOS",
        "ref": "nixos-20.09",
        "repo": "nixpkgs",
        "type": "github"
      }
    },
    "nixos-hardware": {
      "locked": {
        "lastModified": 1643980037,
        "narHash": "sha256-RdVHt2mD408WXMjQIOLvUzy8cSUHu8NAbilDmPVxf7E=",
        "owner": "NixOS",
        "repo": "nixos-hardware",
        "rev": "9886a06e4745edb31587d0e9481ad82d35f0d593",
        "type": "github"
      },
      "original": {
        "owner": "NixOS",
        "ref": "master",
        "repo": "nixos-hardware",
        "type": "github"
      }
    },
    "nixos-unstable": {
      "locked": {
        "lastModified": 1636800699,
        "narHash": "sha256-SwbyVxXffu3G2ulJIbTf0iQfqhbGbdml4Dyv5j9BiAI=",
        "owner": "NixOS",
        "repo": "nixpkgs",
        "rev": "2fa862644fc15ecb525eb8cd0a60276f1c340c7c",
        "type": "github"
      },
      "original": {
        "owner": "NixOS",
        "ref": "nixos-unstable",
        "repo": "nixpkgs",
        "type": "github"
      }
    },
    "nixpkgs": {
      "locked": {
        "lastModified": 1602411953,
        "narHash": "sha256-gbupmxRpoQZqL5NBQCJN2GI5G7XDEHHHYKhVwEj5+Ps=",
        "owner": "LnL7",
        "repo": "nixpkgs",
        "rev": "f780534ea2d0c12e62607ff254b6b45f46653f7a",
        "type": "github"
      },
      "original": {
        "id": "nixpkgs",
        "type": "indirect"
      }
    },
    "nixpkgs_2": {
      "locked": {
        "lastModified": 1644193793,
        "narHash": "sha256-ggCI5LCXwkUJQwjpkr9qDFbQMiK3JvAfeNR4Uy0ny5Q=",
        "owner": "NixOS",
        "repo": "nixpkgs",
        "rev": "521e4d7d13b09bc0a21976b9d19abd197d4e3b1e",
        "type": "github"
      },
      "original": {
        "owner": "NixOS",
        "ref": "nixos-21.11",
        "repo": "nixpkgs",
        "type": "github"
      }
    },
    "nixpkgs_3": {
      "locked": {
        "lastModified": 1644193793,
        "narHash": "sha256-ggCI5LCXwkUJQwjpkr9qDFbQMiK3JvAfeNR4Uy0ny5Q=",
        "owner": "NixOS",
        "repo": "nixpkgs",
        "rev": "521e4d7d13b09bc0a21976b9d19abd197d4e3b1e",
        "type": "github"
      },
      "original": {
        "owner": "NixOS",
        "ref": "nixos-21.11",
        "repo": "nixpkgs",
        "type": "github"
      }
    },
    "pre-commit-hooks-nix": {
      "flake": false,
      "locked": {
        "lastModified": 1622650193,
        "narHash": "sha256-qSzUpJDv04ajS9FXoCq6NjVF3qOt9IiGIiGh0P8amyw=",
        "owner": "cachix",
        "repo": "pre-commit-hooks.nix",
        "rev": "0398f0649e0a741660ac5e8216760bae5cc78579",
        "type": "github"
      },
      "original": {
        "owner": "cachix",
        "repo": "pre-commit-hooks.nix",
        "type": "github"
      }
    },
    "root": {
      "inputs": {
        "flake-compat": "flake-compat",
        "flake-compat-ci": "flake-compat-ci",
        "hercules-ci": "hercules-ci",
        "nixos-hardware": "nixos-hardware",
        "nixpkgs": "nixpkgs_2",
        "tuxedo-nixos": "tuxedo-nixos"
      }
    },
    "tuxedo-nixos": {
      "inputs": {
        "flake-compat": "flake-compat_3",
        "flake-compat-ci": "flake-compat-ci_2",
        "nixpkgs": "nixpkgs_3"
      },
      "locked": {
        "lastModified": 1643143447,
        "narHash": "sha256-Vvf9W8GHGh5fObQLCL0uUwZXjMrTeNLytr4gwAKBLB0=",
        "owner": "blitz",
        "repo": "tuxedo-nixos",
        "rev": "2cac0f030fffdc367f556a596be78d6286889808",
        "type": "github"
      },
      "original": {
        "owner": "blitz",
        "repo": "tuxedo-nixos",
        "type": "github"
      }
    }
  },
  "root": "root",
  "version": 7
}
